
Microsoft Visual Studio Solution File, Format Version 12.00
# Visual Studio 15
VisualStudioVersion = 15.0.27703.2042
MinimumVisualStudioVersion = 10.0.40219.1
Project("{FAE04EC0-301F-11D3-BF4B-00C04F79EFBC}") = "GameClient", "GameClient\GameClient.csproj", "{9E9E25F8-7F27-4760-BA00-5C1F98DDB957}"
EndProject
Global
	GlobalSection(SolutionConfigurationPlatforms) = preSolution
		Debug|Any CPU = Debug|Any CPU
		Release|Any CPU = Release|Any CPU
	EndGlobalSection
	GlobalSection(ProjectConfigurationPlatforms) = postSolution
		{9E9E25F8-7F27-4760-BA00-5C1F98DDB957}.Debug|Any CPU.ActiveCfg = Debug|Any CPU
		{9E9E25F8-7F27-4760-BA00-5C1F98DDB957}.Debug|Any CPU.Build.0 = Debug|Any CPU
		{9E9E25F8-7F27-4760-BA00-5C1F98DDB957}.Release|Any CPU.ActiveCfg = Release|Any CPU
		{9E9E25F8-7F27-4760-BA00-5C1F98DDB957}.Release|Any CPU.Build.0 = Release|Any CPU
	EndGlobalSection
	GlobalSection(SolutionProperties) = preSolution
		HideSolutionNode = FALSE
	EndGlobalSection
	GlobalSection(ExtensibilityGlobals) = postSolution
		SolutionGuid = {BFC3BEFC-5328-44C6-A303-488404CB9B14}
	EndGlobalSection
EndGlobal
